
Microsoft Visual Studio Solution File, Format Version 12.00
# Visual Studio Version 17
VisualStudioVersion = 17.8.34525.116
MinimumVisualStudioVersion = 10.0.40219.1
Project("{FAE04EC0-301F-11D3-BF4B-00C04F79EFBC}") = "BinaryCodeToImageConverter", "BinaryCodeToImageConverter.csproj", "{05B7B7A6-EA38-4505-A846-8E082FE9E67F}"
EndProject
Global
	GlobalSection(SolutionConfigurationPlatforms) = preSolution
		Debug|Any CPU = Debug|Any CPU
		Release|Any CPU = Release|Any CPU
	EndGlobalSection
	GlobalSection(ProjectConfigurationPlatforms) = postSolution
		{05B7B7A6-EA38-4505-A846-8E082FE9E67F}.Debug|Any CPU.ActiveCfg = Debug|Any CPU
		{05B7B7A6-EA38-4505-A846-8E082FE9E67F}.Debug|Any CPU.Build.0 = Debug|Any CPU
		{05B7B7A6-EA38-4505-A846-8E082FE9E67F}.Release|Any CPU.ActiveCfg = Release|Any CPU
		{05B7B7A6-EA38-4505-A846-8E082FE9E67F}.Release|Any CPU.Build.0 = Release|Any CPU
	EndGlobalSection
	GlobalSection(SolutionProperties) = preSolution
		HideSolutionNode = FALSE
	EndGlobalSection
	GlobalSection(ExtensibilityGlobals) = postSolution
		SolutionGuid = {8D7A962D-AA1B-40E0-BEFA-C027916469D5}
	EndGlobalSection
EndGlobal
